
Microsoft Visual Studio Solution File, Format Version 12.00
# Visual Studio 15
VisualStudioVersion = 15.0.28307.852
MinimumVisualStudioVersion = 10.0.40219.1
Project("{159641D6-6404-4A2A-AE62-294DE0FE8301}") = "SSISWithOracleTraining", "SSISWithOracleTraining\SSISWithOracleTraining.dtproj", "{2E58D5DA-EC99-4E7F-832E-634C7FD46EAB}"
EndProject
Global
	GlobalSection(SolutionConfigurationPlatforms) = preSolution
		Development|Default = Development|Default
	EndGlobalSection
	GlobalSection(ProjectConfigurationPlatforms) = postSolution
		{2E58D5DA-EC99-4E7F-832E-634C7FD46EAB}.Development|Default.ActiveCfg = Development
		{2E58D5DA-EC99-4E7F-832E-634C7FD46EAB}.Development|Default.Build.0 = Development
	EndGlobalSection
	GlobalSection(SolutionProperties) = preSolution
		HideSolutionNode = FALSE
	EndGlobalSection
	GlobalSection(ExtensibilityGlobals) = postSolution
		SolutionGuid = {4102CF43-377A-489E-BC3B-87FBA88E4283}
	EndGlobalSection
EndGlobal
